
Microsoft Visual Studio Solution File, Format Version 12.00
# Visual Studio Version 17
VisualStudioVersion = 17.9.34728.123
MinimumVisualStudioVersion = 10.0.40219.1
Project("{9A19103F-16F7-4668-BE54-9A1E7A4F7556}") = "Day1", "Day1\Day1.csproj", "{D2B196FD-3AB1-4131-A8A9-382411CFB516}"
EndProject
Project("{9A19103F-16F7-4668-BE54-9A1E7A4F7556}") = "Day2", "Day2\Day2.csproj", "{3EC81787-835C-4AF0-9C2E-0C926D1A4158}"
EndProject
Project("{9A19103F-16F7-4668-BE54-9A1E7A4F7556}") = "Day3", "Day3\Day3.csproj", "{0F4D49C1-9BD6-4D57-BEF9-D9F2F711683A}"
EndProject
Project("{9A19103F-16F7-4668-BE54-9A1E7A4F7556}") = "Day4", "Day4\Day4.csproj", "{8FD826D0-6569-45AF-8D99-FD3618E6C399}"
EndProject
Project("{9A19103F-16F7-4668-BE54-9A1E7A4F7556}") = "Day5", "Day5\Day5.csproj", "{AFEEFC20-DECE-47ED-8257-8F9AC6858AFC}"
EndProject
Project("{9A19103F-16F7-4668-BE54-9A1E7A4F7556}") = "Day6", "Day6\Day6.csproj", "{CD638DB9-DED3-4F55-ADE2-835B5DDB1884}"
EndProject
Project("{FAE04EC0-301F-11D3-BF4B-00C04F79EFBC}") = "Day7", "Day7\Day7.csproj", "{B7DE9865-FA75-4CD3-808A-2FF2BEBA7837}"
EndProject
Global
	GlobalSection(SolutionConfigurationPlatforms) = preSolution
		Debug|Any CPU = Debug|Any CPU
		Release|Any CPU = Release|Any CPU
	EndGlobalSection
	GlobalSection(ProjectConfigurationPlatforms) = postSolution
		{D2B196FD-3AB1-4131-A8A9-382411CFB516}.Debug|Any CPU.ActiveCfg = Debug|Any CPU
		{D2B196FD-3AB1-4131-A8A9-382411CFB516}.Debug|Any CPU.Build.0 = Debug|Any CPU
		{D2B196FD-3AB1-4131-A8A9-382411CFB516}.Release|Any CPU.ActiveCfg = Release|Any CPU
		{D2B196FD-3AB1-4131-A8A9-382411CFB516}.Release|Any CPU.Build.0 = Release|Any CPU
		{3EC81787-835C-4AF0-9C2E-0C926D1A4158}.Debug|Any CPU.ActiveCfg = Debug|Any CPU
		{3EC81787-835C-4AF0-9C2E-0C926D1A4158}.Debug|Any CPU.Build.0 = Debug|Any CPU
		{3EC81787-835C-4AF0-9C2E-0C926D1A4158}.Release|Any CPU.ActiveCfg = Release|Any CPU
		{3EC81787-835C-4AF0-9C2E-0C926D1A4158}.Release|Any CPU.Build.0 = Release|Any CPU
		{0F4D49C1-9BD6-4D57-BEF9-D9F2F711683A}.Debug|Any CPU.ActiveCfg = Debug|Any CPU
		{0F4D49C1-9BD6-4D57-BEF9-D9F2F711683A}.Debug|Any CPU.Build.0 = Debug|Any CPU
		{0F4D49C1-9BD6-4D57-BEF9-D9F2F711683A}.Release|Any CPU.ActiveCfg = Release|Any CPU
		{0F4D49C1-9BD6-4D57-BEF9-D9F2F711683A}.Release|Any CPU.Build.0 = Release|Any CPU
		{8FD826D0-6569-45AF-8D99-FD3618E6C399}.Debug|Any CPU.ActiveCfg = Debug|Any CPU
		{8FD826D0-6569-45AF-8D99-FD3618E6C399}.Debug|Any CPU.Build.0 = Debug|Any CPU
		{8FD826D0-6569-45AF-8D99-FD3618E6C399}.Release|Any CPU.ActiveCfg = Release|Any CPU
		{8FD826D0-6569-45AF-8D99-FD3618E6C399}.Release|Any CPU.Build.0 = Release|Any CPU
		{AFEEFC20-DECE-47ED-8257-8F9AC6858AFC}.Debug|Any CPU.ActiveCfg = Debug|Any CPU
		{AFEEFC20-DECE-47ED-8257-8F9AC6858AFC}.Debug|Any CPU.Build.0 = Debug|Any CPU
		{AFEEFC20-DECE-47ED-8257-8F9AC6858AFC}.Release|Any CPU.ActiveCfg = Release|Any CPU
		{AFEEFC20-DECE-47ED-8257-8F9AC6858AFC}.Release|Any CPU.Build.0 = Release|Any CPU
		{CD638DB9-DED3-4F55-ADE2-835B5DDB1884}.Debug|Any CPU.ActiveCfg = Debug|Any CPU
		{CD638DB9-DED3-4F55-ADE2-835B5DDB1884}.Debug|Any CPU.Build.0 = Debug|Any CPU
		{CD638DB9-DED3-4F55-ADE2-835B5DDB1884}.Release|Any CPU.ActiveCfg = Release|Any CPU
		{CD638DB9-DED3-4F55-ADE2-835B5DDB1884}.Release|Any CPU.Build.0 = Release|Any CPU
		{B7DE9865-FA75-4CD3-808A-2FF2BEBA7837}.Debug|Any CPU.ActiveCfg = Debug|Any CPU
		{B7DE9865-FA75-4CD3-808A-2FF2BEBA7837}.Debug|Any CPU.Build.0 = Debug|Any CPU
		{B7DE9865-FA75-4CD3-808A-2FF2BEBA7837}.Release|Any CPU.ActiveCfg = Release|Any CPU
		{B7DE9865-FA75-4CD3-808A-2FF2BEBA7837}.Release|Any CPU.Build.0 = Release|Any CPU
	EndGlobalSection
	GlobalSection(SolutionProperties) = preSolution
		HideSolutionNode = FALSE
	EndGlobalSection
	GlobalSection(ExtensibilityGlobals) = postSolution
		SolutionGuid = {6A2321CA-FBEA-40F5-A1DC-1D1512B5121F}
	EndGlobalSection
EndGlobal
