
Microsoft Visual Studio Solution File, Format Version 12.00
# Visual Studio Version 17
VisualStudioVersion = 17.9.34728.123
MinimumVisualStudioVersion = 10.0.40219.1
Project("{9A19103F-16F7-4668-BE54-9A1E7A4F7556}") = "Day1", "Day1\Day1.csproj", "{D2B196FD-3AB1-4131-A8A9-382411CFB516}"
EndProject
Project("{9A19103F-16F7-4668-BE54-9A1E7A4F7556}") = "Day2", "Day2\Day2.csproj", "{3EC81787-835C-4AF0-9C2E-0C926D1A4158}"
EndProject
Project("{9A19103F-16F7-4668-BE54-9A1E7A4F7556}") = "Day3", "Day3\Day3.csproj", "{0F4D49C1-9BD6-4D57-BEF9-D9F2F711683A}"
EndProject
Project("{9A19103F-16F7-4668-BE54-9A1E7A4F7556}") = "Day4", "Day4\Day4.csproj", "{8FD826D0-6569-45AF-8D99-FD3618E6C399}"
EndProject
Project("{9A19103F-16F7-4668-BE54-9A1E7A4F7556}") = "Day5", "Day5\Day5.csproj", "{AFEEFC20-DECE-47ED-8257-8F9AC6858AFC}"
EndProject
Project("{9A19103F-16F7-4668-BE54-9A1E7A4F7556}") = "Day6", "Day6\Day6.csproj", "{CD638DB9-DED3-4F55-ADE2-835B5DDB1884}"
EndProject
Project("{9A19103F-16F7-4668-BE54-9A1E7A4F7556}") = "Day7", "Day7\Day7.csproj", "{B7DE9865-FA75-4CD3-808A-2FF2BEBA7837}"
EndProject
Project("{9A19103F-16F7-4668-BE54-9A1E7A4F7556}") = "Day8", "Day8\Day8.csproj", "{8F312A1A-3BC6-4D5A-A9CB-736682E2213B}"
EndProject
Project("{9A19103F-16F7-4668-BE54-9A1E7A4F7556}") = "Day9", "Day9\Day9.csproj", "{8CE096E6-EB9D-4EFE-9EBC-AF964E5200AF}"
EndProject
Project("{9A19103F-16F7-4668-BE54-9A1E7A4F7556}") = "Day11", "Day11\Day11.csproj", "{234A0D26-52CF-4DF4-86D4-ACD80B469EE0}"
EndProject
Project("{9A19103F-16F7-4668-BE54-9A1E7A4F7556}") = "Day10", "Day10\Day10.csproj", "{77659EC2-A42A-4680-87B6-07F760E83C00}"
EndProject
Project("{9A19103F-16F7-4668-BE54-9A1E7A4F7556}") = "Day12", "Day12\Day12.csproj", "{46275D9C-95F7-482F-A25E-CFD03ED6DDB4}"
EndProject
Project("{9A19103F-16F7-4668-BE54-9A1E7A4F7556}") = "Day13", "Day13\Day13.csproj", "{80BC8BB4-BFEF-4C3B-9E52-448F8871018B}"
EndProject
Project("{9A19103F-16F7-4668-BE54-9A1E7A4F7556}") = "Day14", "Day14\Day14.csproj", "{E7AB1BE9-650B-446C-8CCC-6C7B435A5303}"
EndProject
Project("{9A19103F-16F7-4668-BE54-9A1E7A4F7556}") = "Day15", "Day15\Day15.csproj", "{648B96F0-06AD-43D4-901E-E007E29936A8}"
EndProject
Project("{9A19103F-16F7-4668-BE54-9A1E7A4F7556}") = "Day16", "Day16\Day16.csproj", "{F01493B2-3D92-4B73-854E-98262B1E3C5F}"
EndProject
Project("{FAE04EC0-301F-11D3-BF4B-00C04F79EFBC}") = "Day17", "Day17\Day17.csproj", "{088B9B2A-1006-4A28-8024-0899DCA5CB57}"
EndProject
Project("{FAE04EC0-301F-11D3-BF4B-00C04F79EFBC}") = "Day18", "Day18\Day18.csproj", "{292D5249-482C-47B6-A898-40FB1F2DD523}"
EndProject
Global
	GlobalSection(SolutionConfigurationPlatforms) = preSolution
		Debug|Any CPU = Debug|Any CPU
		Release|Any CPU = Release|Any CPU
	EndGlobalSection
	GlobalSection(ProjectConfigurationPlatforms) = postSolution
		{D2B196FD-3AB1-4131-A8A9-382411CFB516}.Debug|Any CPU.ActiveCfg = Debug|Any CPU
		{D2B196FD-3AB1-4131-A8A9-382411CFB516}.Debug|Any CPU.Build.0 = Debug|Any CPU
		{D2B196FD-3AB1-4131-A8A9-382411CFB516}.Release|Any CPU.ActiveCfg = Release|Any CPU
		{D2B196FD-3AB1-4131-A8A9-382411CFB516}.Release|Any CPU.Build.0 = Release|Any CPU
		{3EC81787-835C-4AF0-9C2E-0C926D1A4158}.Debug|Any CPU.ActiveCfg = Debug|Any CPU
		{3EC81787-835C-4AF0-9C2E-0C926D1A4158}.Debug|Any CPU.Build.0 = Debug|Any CPU
		{3EC81787-835C-4AF0-9C2E-0C926D1A4158}.Release|Any CPU.ActiveCfg = Release|Any CPU
		{3EC81787-835C-4AF0-9C2E-0C926D1A4158}.Release|Any CPU.Build.0 = Release|Any CPU
		{0F4D49C1-9BD6-4D57-BEF9-D9F2F711683A}.Debug|Any CPU.ActiveCfg = Debug|Any CPU
		{0F4D49C1-9BD6-4D57-BEF9-D9F2F711683A}.Debug|Any CPU.Build.0 = Debug|Any CPU
		{0F4D49C1-9BD6-4D57-BEF9-D9F2F711683A}.Release|Any CPU.ActiveCfg = Release|Any CPU
		{0F4D49C1-9BD6-4D57-BEF9-D9F2F711683A}.Release|Any CPU.Build.0 = Release|Any CPU
		{8FD826D0-6569-45AF-8D99-FD3618E6C399}.Debug|Any CPU.ActiveCfg = Debug|Any CPU
		{8FD826D0-6569-45AF-8D99-FD3618E6C399}.Debug|Any CPU.Build.0 = Debug|Any CPU
		{8FD826D0-6569-45AF-8D99-FD3618E6C399}.Release|Any CPU.ActiveCfg = Release|Any CPU
		{8FD826D0-6569-45AF-8D99-FD3618E6C399}.Release|Any CPU.Build.0 = Release|Any CPU
		{AFEEFC20-DECE-47ED-8257-8F9AC6858AFC}.Debug|Any CPU.ActiveCfg = Debug|Any CPU
		{AFEEFC20-DECE-47ED-8257-8F9AC6858AFC}.Debug|Any CPU.Build.0 = Debug|Any CPU
		{AFEEFC20-DECE-47ED-8257-8F9AC6858AFC}.Release|Any CPU.ActiveCfg = Release|Any CPU
		{AFEEFC20-DECE-47ED-8257-8F9AC6858AFC}.Release|Any CPU.Build.0 = Release|Any CPU
		{CD638DB9-DED3-4F55-ADE2-835B5DDB1884}.Debug|Any CPU.ActiveCfg = Debug|Any CPU
		{CD638DB9-DED3-4F55-ADE2-835B5DDB1884}.Debug|Any CPU.Build.0 = Debug|Any CPU
		{CD638DB9-DED3-4F55-ADE2-835B5DDB1884}.Release|Any CPU.ActiveCfg = Release|Any CPU
		{CD638DB9-DED3-4F55-ADE2-835B5DDB1884}.Release|Any CPU.Build.0 = Release|Any CPU
		{B7DE9865-FA75-4CD3-808A-2FF2BEBA7837}.Debug|Any CPU.ActiveCfg = Debug|Any CPU
		{B7DE9865-FA75-4CD3-808A-2FF2BEBA7837}.Debug|Any CPU.Build.0 = Debug|Any CPU
		{B7DE9865-FA75-4CD3-808A-2FF2BEBA7837}.Release|Any CPU.ActiveCfg = Release|Any CPU
		{B7DE9865-FA75-4CD3-808A-2FF2BEBA7837}.Release|Any CPU.Build.0 = Release|Any CPU
		{8F312A1A-3BC6-4D5A-A9CB-736682E2213B}.Debug|Any CPU.ActiveCfg = Debug|Any CPU
		{8F312A1A-3BC6-4D5A-A9CB-736682E2213B}.Debug|Any CPU.Build.0 = Debug|Any CPU
		{8F312A1A-3BC6-4D5A-A9CB-736682E2213B}.Release|Any CPU.ActiveCfg = Release|Any CPU
		{8F312A1A-3BC6-4D5A-A9CB-736682E2213B}.Release|Any CPU.Build.0 = Release|Any CPU
		{8CE096E6-EB9D-4EFE-9EBC-AF964E5200AF}.Debug|Any CPU.ActiveCfg = Debug|Any CPU
		{8CE096E6-EB9D-4EFE-9EBC-AF964E5200AF}.Debug|Any CPU.Build.0 = Debug|Any CPU
		{8CE096E6-EB9D-4EFE-9EBC-AF964E5200AF}.Release|Any CPU.ActiveCfg = Release|Any CPU
		{8CE096E6-EB9D-4EFE-9EBC-AF964E5200AF}.Release|Any CPU.Build.0 = Release|Any CPU
		{234A0D26-52CF-4DF4-86D4-ACD80B469EE0}.Debug|Any CPU.ActiveCfg = Debug|Any CPU
		{234A0D26-52CF-4DF4-86D4-ACD80B469EE0}.Debug|Any CPU.Build.0 = Debug|Any CPU
		{234A0D26-52CF-4DF4-86D4-ACD80B469EE0}.Release|Any CPU.ActiveCfg = Release|Any CPU
		{234A0D26-52CF-4DF4-86D4-ACD80B469EE0}.Release|Any CPU.Build.0 = Release|Any CPU
		{77659EC2-A42A-4680-87B6-07F760E83C00}.Debug|Any CPU.ActiveCfg = Debug|Any CPU
		{77659EC2-A42A-4680-87B6-07F760E83C00}.Debug|Any CPU.Build.0 = Debug|Any CPU
		{77659EC2-A42A-4680-87B6-07F760E83C00}.Release|Any CPU.ActiveCfg = Release|Any CPU
		{77659EC2-A42A-4680-87B6-07F760E83C00}.Release|Any CPU.Build.0 = Release|Any CPU
		{46275D9C-95F7-482F-A25E-CFD03ED6DDB4}.Debug|Any CPU.ActiveCfg = Debug|Any CPU
		{46275D9C-95F7-482F-A25E-CFD03ED6DDB4}.Debug|Any CPU.Build.0 = Debug|Any CPU
		{46275D9C-95F7-482F-A25E-CFD03ED6DDB4}.Release|Any CPU.ActiveCfg = Release|Any CPU
		{46275D9C-95F7-482F-A25E-CFD03ED6DDB4}.Release|Any CPU.Build.0 = Release|Any CPU
		{80BC8BB4-BFEF-4C3B-9E52-448F8871018B}.Debug|Any CPU.ActiveCfg = Debug|Any CPU
		{80BC8BB4-BFEF-4C3B-9E52-448F8871018B}.Debug|Any CPU.Build.0 = Debug|Any CPU
		{80BC8BB4-BFEF-4C3B-9E52-448F8871018B}.Release|Any CPU.ActiveCfg = Release|Any CPU
		{80BC8BB4-BFEF-4C3B-9E52-448F8871018B}.Release|Any CPU.Build.0 = Release|Any CPU
		{E7AB1BE9-650B-446C-8CCC-6C7B435A5303}.Debug|Any CPU.ActiveCfg = Debug|Any CPU
		{E7AB1BE9-650B-446C-8CCC-6C7B435A5303}.Debug|Any CPU.Build.0 = Debug|Any CPU
		{E7AB1BE9-650B-446C-8CCC-6C7B435A5303}.Release|Any CPU.ActiveCfg = Release|Any CPU
		{E7AB1BE9-650B-446C-8CCC-6C7B435A5303}.Release|Any CPU.Build.0 = Release|Any CPU
		{648B96F0-06AD-43D4-901E-E007E29936A8}.Debug|Any CPU.ActiveCfg = Debug|Any CPU
		{648B96F0-06AD-43D4-901E-E007E29936A8}.Debug|Any CPU.Build.0 = Debug|Any CPU
		{648B96F0-06AD-43D4-901E-E007E29936A8}.Release|Any CPU.ActiveCfg = Release|Any CPU
		{648B96F0-06AD-43D4-901E-E007E29936A8}.Release|Any CPU.Build.0 = Release|Any CPU
		{F01493B2-3D92-4B73-854E-98262B1E3C5F}.Debug|Any CPU.ActiveCfg = Debug|Any CPU
		{F01493B2-3D92-4B73-854E-98262B1E3C5F}.Debug|Any CPU.Build.0 = Debug|Any CPU
		{F01493B2-3D92-4B73-854E-98262B1E3C5F}.Release|Any CPU.ActiveCfg = Release|Any CPU
		{F01493B2-3D92-4B73-854E-98262B1E3C5F}.Release|Any CPU.Build.0 = Release|Any CPU
		{088B9B2A-1006-4A28-8024-0899DCA5CB57}.Debug|Any CPU.ActiveCfg = Debug|Any CPU
		{088B9B2A-1006-4A28-8024-0899DCA5CB57}.Debug|Any CPU.Build.0 = Debug|Any CPU
		{088B9B2A-1006-4A28-8024-0899DCA5CB57}.Release|Any CPU.ActiveCfg = Release|Any CPU
		{088B9B2A-1006-4A28-8024-0899DCA5CB57}.Release|Any CPU.Build.0 = Release|Any CPU
		{292D5249-482C-47B6-A898-40FB1F2DD523}.Debug|Any CPU.ActiveCfg = Debug|Any CPU
		{292D5249-482C-47B6-A898-40FB1F2DD523}.Debug|Any CPU.Build.0 = Debug|Any CPU
		{292D5249-482C-47B6-A898-40FB1F2DD523}.Release|Any CPU.ActiveCfg = Release|Any CPU
		{292D5249-482C-47B6-A898-40FB1F2DD523}.Release|Any CPU.Build.0 = Release|Any CPU
	EndGlobalSection
	GlobalSection(SolutionProperties) = preSolution
		HideSolutionNode = FALSE
	EndGlobalSection
	GlobalSection(ExtensibilityGlobals) = postSolution
		SolutionGuid = {6A2321CA-FBEA-40F5-A1DC-1D1512B5121F}
	EndGlobalSection
EndGlobal
